{
    "_meta": {
        "hash": {
            "sha256": "06f3cdfeb847152a0eab0560256e5dd88a391af2074bebc7a5525f7d9fa352b5"
        },
        "pipfile-spec": 6,
        "requires": {
            "python_version": "3.8"
        },
        "sources": [
            {
                "name": "pypi",
                "url": "https://pypi.org/simple",
                "verify_ssl": true
            }
        ]
    },
    "default": {},
    "develop": {}
}
